
Microsoft Visual Studio Solution File, Format Version 12.00
# Visual Studio 15
VisualStudioVersion = 15.0.28307.539
MinimumVisualStudioVersion = 10.0.40219.1
Project("{FAE04EC0-301F-11D3-BF4B-00C04F79EFBC}") = "PizzaMargaritta", "PizzaMargaritta\PizzaMargaritta.csproj", "{F49758CC-7CC8-4CE2-BDD5-4FCC7945647E}"
EndProject
Global
	GlobalSection(SolutionConfigurationPlatforms) = preSolution
		Debug|Any CPU = Debug|Any CPU
		Release|Any CPU = Release|Any CPU
	EndGlobalSection
	GlobalSection(ProjectConfigurationPlatforms) = postSolution
		{F49758CC-7CC8-4CE2-BDD5-4FCC7945647E}.Debug|Any CPU.ActiveCfg = Debug|Any CPU
		{F49758CC-7CC8-4CE2-BDD5-4FCC7945647E}.Debug|Any CPU.Build.0 = Debug|Any CPU
		{F49758CC-7CC8-4CE2-BDD5-4FCC7945647E}.Release|Any CPU.ActiveCfg = Release|Any CPU
		{F49758CC-7CC8-4CE2-BDD5-4FCC7945647E}.Release|Any CPU.Build.0 = Release|Any CPU
	EndGlobalSection
	GlobalSection(SolutionProperties) = preSolution
		HideSolutionNode = FALSE
	EndGlobalSection
	GlobalSection(ExtensibilityGlobals) = postSolution
		SolutionGuid = {E4E92218-DD4D-4F42-9E7D-C0CAC6E5BA9B}
	EndGlobalSection
EndGlobal
